
Microsoft Visual Studio Solution File, Format Version 12.00
# Visual Studio Version 16
VisualStudioVersion = 16.0.30907.101
MinimumVisualStudioVersion = 10.0.40219.1
Project("{888888A0-9F3D-457C-B088-3A5042F75D52}") = "Mean", "Mean.pyproj", "{93DE40FA-40B5-4068-AE3A-72D2A7F0495F}"
EndProject
Global
	GlobalSection(SolutionConfigurationPlatforms) = preSolution
		Debug|Any CPU = Debug|Any CPU
		Release|Any CPU = Release|Any CPU
	EndGlobalSection
	GlobalSection(ProjectConfigurationPlatforms) = postSolution
		{93DE40FA-40B5-4068-AE3A-72D2A7F0495F}.Debug|Any CPU.ActiveCfg = Debug|Any CPU
		{93DE40FA-40B5-4068-AE3A-72D2A7F0495F}.Release|Any CPU.ActiveCfg = Release|Any CPU
	EndGlobalSection
	GlobalSection(SolutionProperties) = preSolution
		HideSolutionNode = FALSE
	EndGlobalSection
	GlobalSection(ExtensibilityGlobals) = postSolution
		SolutionGuid = {E35C5B60-8041-4195-A425-7E04708BB913}
	EndGlobalSection
EndGlobal
